
Microsoft Visual Studio Solution File, Format Version 12.00
# Visual Studio Version 17
VisualStudioVersion = 17.3.32901.215
MinimumVisualStudioVersion = 10.0.40219.1
Project("{FAE04EC0-301F-11D3-BF4B-00C04F79EFBC}") = "DeLaSalle.Practica1.App", "DeLaSalle.Practica1.App\DeLaSalle.Practica1.App.csproj", "{1F0AC57D-D081-4184-A106-706F119B8ED5}"
EndProject
Project("{FAE04EC0-301F-11D3-BF4B-00C04F79EFBC}") = "DeLaSalle.Practica1.Core", "DeLaSalle.Practica1.Core\DeLaSalle.Practica1.Core.csproj", "{64C9D84B-7270-450A-A07C-C8DD8FDF9CF4}"
EndProject
Global
	GlobalSection(SolutionConfigurationPlatforms) = preSolution
		Debug|Any CPU = Debug|Any CPU
		Release|Any CPU = Release|Any CPU
	EndGlobalSection
	GlobalSection(ProjectConfigurationPlatforms) = postSolution
		{1F0AC57D-D081-4184-A106-706F119B8ED5}.Debug|Any CPU.ActiveCfg = Debug|Any CPU
		{1F0AC57D-D081-4184-A106-706F119B8ED5}.Debug|Any CPU.Build.0 = Debug|Any CPU
		{1F0AC57D-D081-4184-A106-706F119B8ED5}.Release|Any CPU.ActiveCfg = Release|Any CPU
		{1F0AC57D-D081-4184-A106-706F119B8ED5}.Release|Any CPU.Build.0 = Release|Any CPU
		{64C9D84B-7270-450A-A07C-C8DD8FDF9CF4}.Debug|Any CPU.ActiveCfg = Debug|Any CPU
		{64C9D84B-7270-450A-A07C-C8DD8FDF9CF4}.Debug|Any CPU.Build.0 = Debug|Any CPU
		{64C9D84B-7270-450A-A07C-C8DD8FDF9CF4}.Release|Any CPU.ActiveCfg = Release|Any CPU
		{64C9D84B-7270-450A-A07C-C8DD8FDF9CF4}.Release|Any CPU.Build.0 = Release|Any CPU
	EndGlobalSection
	GlobalSection(SolutionProperties) = preSolution
		HideSolutionNode = FALSE
	EndGlobalSection
	GlobalSection(ExtensibilityGlobals) = postSolution
		SolutionGuid = {8922839B-00EB-4353-B028-FCAD0A994320}
	EndGlobalSection
EndGlobal
